// !$*UTF8*$!
{
	archiveVersion = 1;
	classes = {
	};
	objectVersion = 46;
	objects = {

/* Begin PBXBuildFile section */
		DACC64041C6E90A300A9C04D /* AppDelegate.swift in Sources */ = {isa = PBXBuildFile; fileRef = DACC64031C6E90A300A9C04D /* AppDelegate.swift */; };
		DACC64061C6E90A300A9C04D /* ViewController.swift in Sources */ = {isa = PBXBuildFile; fileRef = DACC64051C6E90A300A9C04D /* ViewController.swift */; };
		DACC64091C6E90A300A9C04D /* Main.storyboard in Resources */ = {isa = PBXBuildFile; fileRef = DACC64071C6E90A300A9C04D /* Main.storyboard */; };
		DACC640B1C6E90A300A9C04D /* Assets.xcassets in Resources */ = {isa = PBXBuildFile; fileRef = DACC640A1C6E90A300A9C04D /* Assets.xcassets */; };
		DACC640E1C6E90A300A9C04D /* LaunchScreen.storyboard in Resources */ = {isa = PBXBuildFile; fileRef = DACC640C1C6E90A300A9C04D /* LaunchScreen.storyboard */; };
		DACC64161C6E933E00A9C04D /* KeychainWrapper.swift in Sources */ = {isa = PBXBuildFile; fileRef = DACC64151C6E933E00A9C04D /* KeychainWrapper.swift */; };
/* End PBXBuildFile section */

/* Begin PBXFileReference section */
		DACC64001C6E90A300A9C04D /* SecureSave.app */ = {isa = PBXFileReference; explicitFileType = wrapper.application; includeInIndex = 0; path = SecureSave.app; sourceTree = BUILT_PRODUCTS_DIR; };
		DACC64031C6E90A300A9C04D /* AppDelegate.swift */ = {isa = PBXFileReference; lastKnownFileType = sourcecode.swift; path = AppDelegate.swift; sourceTree = "<group>"; };
		DACC64051C6E90A300A9C04D /* ViewController.swift */ = {isa = PBXFileReference; lastKnownFileType = sourcecode.swift; path = ViewController.swift; sourceTree = "<group>"; };
		DACC64081C6E90A300A9C04D /* Base */ = {isa = PBXFileReference; lastKnownFileType = file.storyboard; name = Base; path = Base.lproj/Main.storyboard; sourceTree = "<group>"; };
		DACC640A1C6E90A300A9C04D /* Assets.xcassets */ = {isa = PBXFileReference; lastKnownFileType = folder.assetcatalog; path = Assets.xcassets; sourceTree = "<group>"; };
		DACC640D1C6E90A300A9C04D /* Base */ = {isa = PBXFileReference; lastKnownFileType = file.storyboard; name = Base; path = Base.lproj/LaunchScreen.storyboard; sourceTree = "<group>"; };
		DACC640F1C6E90A300A9C04D /* Info.plist */ = {isa = PBXFileReference; lastKnownFileType = text.plist.xml; path = Info.plist; sourceTree = "<group>"; };
		DACC64151C6E933E00A9C04D /* KeychainWrapper.swift */ = {isa = PBXFileReference; fileEncoding = 4; lastKnownFileType = sourcecode.swift; path = KeychainWrapper.swift; sourceTree = "<group>"; };
/* End PBXFileReference section */

/* Begin PBXFrameworksBuildPhase section */
		DACC63FD1C6E90A300A9C04D /* Frameworks */ = {
			isa = PBXFrameworksBuildPhase;
			buildActionMask = 2147483647;
			files = (
			);
			runOnlyForDeploymentPostprocessing = 0;
		};
/* End PBXFrameworksBuildPhase section */

/* Begin PBXGroup section */
		DACC63F71C6E90A300A9C04D = {
			isa = PBXGroup;
			children = (
				DACC64021C6E90A300A9C04D /* SecureSave */,
				DACC64011C6E90A300A9C04D /* Products */,
			);
			sourceTree = "<group>";
		};
		DACC64011C6E90A300A9C04D /* Products */ = {
			isa = PBXGroup;
			children = (
				DACC64001C6E90A300A9C04D /* SecureSave.app */,
			);
			name = Products;
			sourceTree = "<group>";
		};
		DACC64021C6E90A300A9C04D /* SecureSave */ = {
			isa = PBXGroup;
			children = (
				DACC64031C6E90A300A9C04D /* AppDelegate.swift */,
				DACC64051C6E90A300A9C04D /* ViewController.swift */,
				DACC64071C6E90A300A9C04D /* Main.storyboard */,
				DACC640A1C6E90A300A9C04D /* Assets.xcassets */,
				DACC640C1C6E90A300A9C04D /* LaunchScreen.storyboard */,
				DACC640F1C6E90A300A9C04D /* Info.plist */,
				DACC64151C6E933E00A9C04D /* KeychainWrapper.swift */,
			);
			path = SecureSave;
			sourceTree = "<group>";
		};
/* End PBXGroup section */

/* Begin PBXNativeTarget section */
		DACC63FF1C6E90A300A9C04D /* SecureSave */ = {
			isa = PBXNativeTarget;
			buildConfigurationList = DACC64121C6E90A300A9C04D /* Build configuration list for PBXNativeTarget "SecureSave" */;
			buildPhases = (
				DACC63FC1C6E90A300A9C04D /* Sources */,
				DACC63FD1C6E90A300A9C04D /* Frameworks */,
				DACC63FE1C6E90A300A9C04D /* Resources */,
			);
			buildRules = (
			);
			dependencies = (
			);
			name = SecureSave;
			productName = SecureSave;
			productReference = DACC64001C6E90A300A9C04D /* SecureSave.app */;
			productType = "com.apple.product-type.application";
		};
/* End PBXNativeTarget section */

/* Begin PBXProject section */
		DACC63F81C6E90A300A9C04D /* Project object */ = {
			isa = PBXProject;
			attributes = {
				LastSwiftUpdateCheck = 0720;
				LastUpgradeCheck = 0720;
				ORGANIZATIONNAME = jhampac;
				TargetAttributes = {
					DACC63FF1C6E90A300A9C04D = {
						CreatedOnToolsVersion = 7.2;
						DevelopmentTeam = W47B9DA9HK;
					};
				};
			};
			buildConfigurationList = DACC63FB1C6E90A300A9C04D /* Build configuration list for PBXProject "SecureSave" */;
			compatibilityVersion = "Xcode 3.2";
			developmentRegion = English;
			hasScannedForEncodings = 0;
			knownRegions = (
				en,
				Base,
			);
			mainGroup = DACC63F71C6E90A300A9C04D;
			productRefGroup = DACC64011C6E90A300A9C04D /* Products */;
			projectDirPath = "";
			projectRoot = "";
			targets = (
				DACC63FF1C6E90A300A9C04D /* SecureSave */,
			);
		};
/* End PBXProject section */

/* Begin PBXResourcesBuildPhase section */
		DACC63FE1C6E90A300A9C04D /* Resources */ = {
			isa = PBXResourcesBuildPhase;
			buildActionMask = 2147483647;
			files = (
				DACC640E1C6E90A300A9C04D /* LaunchScreen.storyboard in Resources */,
				DACC640B1C6E90A300A9C04D /* Assets.xcassets in Resources */,
				DACC64091C6E90A300A9C04D /* Main.storyboard in Resources */,
			);
			runOnlyForDeploymentPostprocessing = 0;
		};
/* End PBXResourcesBuildPhase section */

/* Begin PBXSourcesBuildPhase section */
		DACC63FC1C6E90A300A9C04D /* Sources */ = {
			isa = PBXSourcesBuildPhase;
			buildActionMask = 2147483647;
			files = (
				DACC64161C6E933E00A9C04D /* KeychainWrapper.swift in Sources */,
				DACC64061C6E90A300A9C04D /* ViewController.swift in Sources */,
				DACC64041C6E90A300A9C04D /* AppDelegate.swift in Sources */,
			);
			runOnlyForDeploymentPostprocessing = 0;
		};
/* End PBXSourcesBuildPhase section */

/* Begin PBXVariantGroup section */
		DACC64071C6E90A300A9C04D /* Main.storyboard */ = {
			isa = PBXVariantGroup;
			children = (
				DACC64081C6E90A300A9C04D /* Base */,
			);
			name = Main.storyboard;
			sourceTree = "<group>";
		};
		DACC640C1C6E90A300A9C04D /* LaunchScreen.storyboard */ = {
			isa = PBXVariantGroup;
			children = (
				DACC640D1C6E90A300A9C04D /* Base */,
			);
			name = LaunchScreen.storyboard;
			sourceTree = "<group>";
		};
/* End PBXVariantGroup section */

/* Begin XCBuildConfiguration section */
		DACC64101C6E90A300A9C04D /* Debug */ = {
			isa = XCBuildConfiguration;
			buildSettings = {
				ALWAYS_SEARCH_USER_PATHS = NO;
				CLANG_CXX_LANGUAGE_STANDARD = "gnu++0x";
				CLANG_CXX_LIBRARY = "libc++";
				CLANG_ENABLE_MODULES = YES;
				CLANG_ENABLE_OBJC_ARC = YES;
				CLANG_WARN_BOOL_CONVERSION = YES;
				CLANG_WARN_CONSTANT_CONVERSION = YES;
				CLANG_WARN_DIRECT_OBJC_ISA_USAGE = YES_ERROR;
				CLANG_WARN_EMPTY_BODY = YES;
				CLANG_WARN_ENUM_CONVERSION = YES;
				CLANG_WARN_INT_CONVERSION = YES;
				CLANG_WARN_OBJC_ROOT_CLASS = YES_ERROR;
				CLANG_WARN_UNREACHABLE_CODE = YES;
				CLANG_WARN__DUPLICATE_METHOD_MATCH = YES;
				"CODE_SIGN_IDENTITY[sdk=iphoneos*]" = "iPhone Developer";
				COPY_PHASE_STRIP = NO;
				DEBUG_INFORMATION_FORMAT = dwarf;
				ENABLE_STRICT_OBJC_MSGSEND = YES;
				ENABLE_TESTABILITY = YES;
				GCC_C_LANGUAGE_STANDARD = gnu99;
				GCC_DYNAMIC_NO_PIC = NO;
				GCC_NO_COMMON_BLOCKS = YES;
				GCC_OPTIMIZATION_LEVEL = 0;
				GCC_PREPROCESSOR_DEFINITIONS = (
					"DEBUG=1",
					"$(inherited)",
				);
				GCC_WARN_64_TO_32_BIT_CONVERSION = YES;
				GCC_WARN_ABOUT_RETURN_TYPE = YES_ERROR;
				GCC_WARN_UNDECLARED_SELECTOR = YES;
				GCC_WARN_UNINITIALIZED_AUTOS = YES_AGGRESSIVE;
				GCC_WARN_UNUSED_FUNCTION = YES;
				GCC_WARN_UNUSED_VARIABLE = YES;
				IPHONEOS_DEPLOYMENT_TARGET = 9.2;
				MTL_ENABLE_DEBUG_INFO = YES;
				ONLY_ACTIVE_ARCH = YES;
				SDKROOT = iphoneos;
				SWIFT_OPTIMIZATION_LEVEL = "-Onone";
			};
			name = Debug;
		};
		DACC64111C6E90A300A9C04D /* Release */ = {
			isa = XCBuildConfiguration;
			buildSettings = {
				ALWAYS_SEARCH_USER_PATHS = NO;
				CLANG_CXX_LANGUAGE_STANDARD = "gnu++0x";
				CLANG_CXX_LIBRARY = "libc++";
				CLANG_ENABLE_MODULES = YES;
				CLANG_ENABLE_OBJC_ARC = YES;
				CLANG_WARN_BOOL_CONVERSION = YES;
				CLANG_WARN_CONSTANT_CONVERSION = YES;
				CLANG_WARN_DIRECT_OBJC_ISA_USAGE = YES_ERROR;
				CLANG_WARN_EMPTY_BODY = YES;
				CLANG_WARN_ENUM_CONVERSION = YES;
				CLANG_WARN_INT_CONVERSION = YES;
				CLANG_WARN_OBJC_ROOT_CLASS = YES_ERROR;
				CLANG_WARN_UNREACHABLE_CODE = YES;
				CLANG_WARN__DUPLICATE_METHOD_MATCH = YES;
				"CODE_SIGN_IDENTITY[sdk=iphoneos*]" = "iPhone Developer";
				COPY_PHASE_STRIP = NO;
				DEBUG_INFORMATION_FORMAT = "dwarf-with-dsym";
				ENABLE_NS_ASSERTIONS = NO;
				ENABLE_STRICT_OBJC_MSGSEND = YES;
				GCC_C_LANGUAGE_STANDARD = gnu99;
				GCC_NO_COMMON_BLOCKS = YES;
				GCC_WARN_64_TO_32_BIT_CONVERSION = YES;
				GCC_WARN_ABOUT_RETURN_TYPE = YES_ERROR;
				GCC_WARN_UNDECLARED_SELECTOR = YES;
				GCC_WARN_UNINITIALIZED_AUTOS = YES_AGGRESSIVE;
				GCC_WARN_UNUSED_FUNCTION = YES;
				GCC_WARN_UNUSED_VARIABLE = YES;
				IPHONEOS_DEPLOYMENT_TARGET = 9.2;
				MTL_ENABLE_DEBUG_INFO = NO;
				SDKROOT = iphoneos;
				VALIDATE_PRODUCT = YES;
			};
			name = Release;
		};
		DACC64131C6E90A300A9C04D /* Debug */ = {
			isa = XCBuildConfiguration;
			buildSettings = {
				ASSETCATALOG_COMPILER_APPICON_NAME = AppIcon;
				INFOPLIST_FILE = SecureSave/Info.plist;
				LD_RUNPATH_SEARCH_PATHS = "$(inherited) @executable_path/Frameworks";
				PRODUCT_BUNDLE_IDENTIFIER = com.jhmpac.SecureSave;
				PRODUCT_NAME = "$(TARGET_NAME)";
			};
			name = Debug;
		};
		DACC64141C6E90A300A9C04D /* Release */ = {
			isa = XCBuildConfiguration;
			buildSettings = {
				ASSETCATALOG_COMPILER_APPICON_NAME = AppIcon;
				INFOPLIST_FILE = SecureSave/Info.plist;
				LD_RUNPATH_SEARCH_PATHS = "$(inherited) @executable_path/Frameworks";
				PRODUCT_BUNDLE_IDENTIFIER = com.jhmpac.SecureSave;
				PRODUCT_NAME = "$(TARGET_NAME)";
			};
			name = Release;
		};
/* End XCBuildConfiguration section */

/* Begin XCConfigurationList section */
		DACC63FB1C6E90A300A9C04D /* Build configuration list for PBXProject "SecureSave" */ = {
			isa = XCConfigurationList;
			buildConfigurations = (
				DACC64101C6E90A300A9C04D /* Debug */,
				DACC64111C6E90A300A9C04D /* Release */,
			);
			defaultConfigurationIsVisible = 0;
			defaultConfigurationName = Release;
		};
		DACC64121C6E90A300A9C04D /* Build configuration list for PBXNativeTarget "SecureSave" */ = {
			isa = XCConfigurationList;
			buildConfigurations = (
				DACC64131C6E90A300A9C04D /* Debug */,
				DACC64141C6E90A300A9C04D /* Release */,
			);
			defaultConfigurationIsVisible = 0;
		};
/* End XCConfigurationList section */
	};
	rootObject = DACC63F81C6E90A300A9C04D /* Project object */;
}
